
Microsoft Visual Studio Solution File, Format Version 12.00
# Visual Studio Version 17
VisualStudioVersion = 17.0.31903.59
MinimumVisualStudioVersion = 10.0.40219.1
Project("{2150E333-8FDC-42A3-9474-1A3956D46DE8}") = "src", "src", "{827E0CD3-B72D-47B6-A68D-7590B98EB39B}"
EndProject
Project("{FAE04EC0-301F-11D3-BF4B-00C04F79EFBC}") = "HMS.Domain", "src\HMS.Domain\HMS.Domain.csproj", "{40C76B89-45EA-499D-A9A3-3C13487BC77F}"
EndProject
Project("{FAE04EC0-301F-11D3-BF4B-00C04F79EFBC}") = "HMS.Application", "src\HMS.Application\HMS.Application.csproj", "{C46174CF-56F8-4A3F-BAAD-5F95E44CBCFF}"
EndProject
Project("{FAE04EC0-301F-11D3-BF4B-00C04F79EFBC}") = "HMS.Infrastructure", "src\HMS.Infrastructure\HMS.Infrastructure.csproj", "{6827ACD3-5ECF-4187-A607-735421DB06FA}"
EndProject
Project("{FAE04EC0-301F-11D3-BF4B-00C04F79EFBC}") = "HMS.Api", "src\HMS.Api\HMS.Api.csproj", "{216A8669-EB55-4AF2-B7A7-D3BCBFAD5FE0}"
EndProject
Project("{FAE04EC0-301F-11D3-BF4B-00C04F79EFBC}") = "HMS.UnitTests", "tests\HMS.UnitTests\HMS.UnitTests.csproj", "{5C82A024-1E2F-4D10-A292-8A069AE6D5E2}"
EndProject
Project("{FAE04EC0-301F-11D3-BF4B-00C04F79EFBC}") = "HMS.IntegrationTests", "tests\HMS.IntegrationTests\HMS.IntegrationTests.csproj", "{EAE2AB47-3B75-4D8E-8A07-81C24F9EC816}"
EndProject
Global
	GlobalSection(SolutionConfigurationPlatforms) = preSolution
		Debug|Any CPU = Debug|Any CPU
		Debug|x64 = Debug|x64
		Debug|x86 = Debug|x86
		Release|Any CPU = Release|Any CPU
		Release|x64 = Release|x64
		Release|x86 = Release|x86
	EndGlobalSection
	GlobalSection(ProjectConfigurationPlatforms) = postSolution
		{40C76B89-45EA-499D-A9A3-3C13487BC77F}.Debug|Any CPU.ActiveCfg = Debug|Any CPU
		{40C76B89-45EA-499D-A9A3-3C13487BC77F}.Debug|Any CPU.Build.0 = Debug|Any CPU
		{40C76B89-45EA-499D-A9A3-3C13487BC77F}.Debug|x64.ActiveCfg = Debug|Any CPU
		{40C76B89-45EA-499D-A9A3-3C13487BC77F}.Debug|x64.Build.0 = Debug|Any CPU
		{40C76B89-45EA-499D-A9A3-3C13487BC77F}.Debug|x86.ActiveCfg = Debug|Any CPU
		{40C76B89-45EA-499D-A9A3-3C13487BC77F}.Debug|x86.Build.0 = Debug|Any CPU
		{40C76B89-45EA-499D-A9A3-3C13487BC77F}.Release|Any CPU.ActiveCfg = Release|Any CPU
		{40C76B89-45EA-499D-A9A3-3C13487BC77F}.Release|Any CPU.Build.0 = Release|Any CPU
		{40C76B89-45EA-499D-A9A3-3C13487BC77F}.Release|x64.ActiveCfg = Release|Any CPU
		{40C76B89-45EA-499D-A9A3-3C13487BC77F}.Release|x64.Build.0 = Release|Any CPU
		{40C76B89-45EA-499D-A9A3-3C13487BC77F}.Release|x86.ActiveCfg = Release|Any CPU
		{40C76B89-45EA-499D-A9A3-3C13487BC77F}.Release|x86.Build.0 = Release|Any CPU
		{C46174CF-56F8-4A3F-BAAD-5F95E44CBCFF}.Debug|Any CPU.ActiveCfg = Debug|Any CPU
		{C46174CF-56F8-4A3F-BAAD-5F95E44CBCFF}.Debug|Any CPU.Build.0 = Debug|Any CPU
		{C46174CF-56F8-4A3F-BAAD-5F95E44CBCFF}.Debug|x64.ActiveCfg = Debug|Any CPU
		{C46174CF-56F8-4A3F-BAAD-5F95E44CBCFF}.Debug|x64.Build.0 = Debug|Any CPU
		{C46174CF-56F8-4A3F-BAAD-5F95E44CBCFF}.Debug|x86.ActiveCfg = Debug|Any CPU
		{C46174CF-56F8-4A3F-BAAD-5F95E44CBCFF}.Debug|x86.Build.0 = Debug|Any CPU
		{C46174CF-56F8-4A3F-BAAD-5F95E44CBCFF}.Release|Any CPU.ActiveCfg = Release|Any CPU
		{C46174CF-56F8-4A3F-BAAD-5F95E44CBCFF}.Release|Any CPU.Build.0 = Release|Any CPU
		{C46174CF-56F8-4A3F-BAAD-5F95E44CBCFF}.Release|x64.ActiveCfg = Release|Any CPU
		{C46174CF-56F8-4A3F-BAAD-5F95E44CBCFF}.Release|x64.Build.0 = Release|Any CPU
		{C46174CF-56F8-4A3F-BAAD-5F95E44CBCFF}.Release|x86.ActiveCfg = Release|Any CPU
		{C46174CF-56F8-4A3F-BAAD-5F95E44CBCFF}.Release|x86.Build.0 = Release|Any CPU
		{6827ACD3-5ECF-4187-A607-735421DB06FA}.Debug|Any CPU.ActiveCfg = Debug|Any CPU
		{6827ACD3-5ECF-4187-A607-735421DB06FA}.Debug|Any CPU.Build.0 = Debug|Any CPU
		{6827ACD3-5ECF-4187-A607-735421DB06FA}.Debug|x64.ActiveCfg = Debug|Any CPU
		{6827ACD3-5ECF-4187-A607-735421DB06FA}.Debug|x64.Build.0 = Debug|Any CPU
		{6827ACD3-5ECF-4187-A607-735421DB06FA}.Debug|x86.ActiveCfg = Debug|Any CPU
		{6827ACD3-5ECF-4187-A607-735421DB06FA}.Debug|x86.Build.0 = Debug|Any CPU
		{6827ACD3-5ECF-4187-A607-735421DB06FA}.Release|Any CPU.ActiveCfg = Release|Any CPU
		{6827ACD3-5ECF-4187-A607-735421DB06FA}.Release|Any CPU.Build.0 = Release|Any CPU
		{6827ACD3-5ECF-4187-A607-735421DB06FA}.Release|x64.ActiveCfg = Release|Any CPU
		{6827ACD3-5ECF-4187-A607-735421DB06FA}.Release|x64.Build.0 = Release|Any CPU
		{6827ACD3-5ECF-4187-A607-735421DB06FA}.Release|x86.ActiveCfg = Release|Any CPU
		{6827ACD3-5ECF-4187-A607-735421DB06FA}.Release|x86.Build.0 = Release|Any CPU
		{216A8669-EB55-4AF2-B7A7-D3BCBFAD5FE0}.Debug|Any CPU.ActiveCfg = Debug|Any CPU
		{216A8669-EB55-4AF2-B7A7-D3BCBFAD5FE0}.Debug|Any CPU.Build.0 = Debug|Any CPU
		{216A8669-EB55-4AF2-B7A7-D3BCBFAD5FE0}.Debug|x64.ActiveCfg = Debug|Any CPU
		{216A8669-EB55-4AF2-B7A7-D3BCBFAD5FE0}.Debug|x64.Build.0 = Debug|Any CPU
		{216A8669-EB55-4AF2-B7A7-D3BCBFAD5FE0}.Debug|x86.ActiveCfg = Debug|Any CPU
		{216A8669-EB55-4AF2-B7A7-D3BCBFAD5FE0}.Debug|x86.Build.0 = Debug|Any CPU
		{216A8669-EB55-4AF2-B7A7-D3BCBFAD5FE0}.Release|Any CPU.ActiveCfg = Release|Any CPU
		{216A8669-EB55-4AF2-B7A7-D3BCBFAD5FE0}.Release|Any CPU.Build.0 = Release|Any CPU
		{216A8669-EB55-4AF2-B7A7-D3BCBFAD5FE0}.Release|x64.ActiveCfg = Release|Any CPU
		{216A8669-EB55-4AF2-B7A7-D3BCBFAD5FE0}.Release|x64.Build.0 = Release|Any CPU
		{216A8669-EB55-4AF2-B7A7-D3BCBFAD5FE0}.Release|x86.ActiveCfg = Release|Any CPU
		{216A8669-EB55-4AF2-B7A7-D3BCBFAD5FE0}.Release|x86.Build.0 = Release|Any CPU
		{5C82A024-1E2F-4D10-A292-8A069AE6D5E2}.Debug|Any CPU.ActiveCfg = Debug|Any CPU
		{5C82A024-1E2F-4D10-A292-8A069AE6D5E2}.Debug|Any CPU.Build.0 = Debug|Any CPU
		{5C82A024-1E2F-4D10-A292-8A069AE6D5E2}.Debug|x64.ActiveCfg = Debug|Any CPU
		{5C82A024-1E2F-4D10-A292-8A069AE6D5E2}.Debug|x64.Build.0 = Debug|Any CPU
		{5C82A024-1E2F-4D10-A292-8A069AE6D5E2}.Debug|x86.ActiveCfg = Debug|Any CPU
		{5C82A024-1E2F-4D10-A292-8A069AE6D5E2}.Debug|x86.Build.0 = Debug|Any CPU
		{5C82A024-1E2F-4D10-A292-8A069AE6D5E2}.Release|Any CPU.ActiveCfg = Release|Any CPU
		{5C82A024-1E2F-4D10-A292-8A069AE6D5E2}.Release|Any CPU.Build.0 = Release|Any CPU
		{5C82A024-1E2F-4D10-A292-8A069AE6D5E2}.Release|x64.ActiveCfg = Release|Any CPU
		{5C82A024-1E2F-4D10-A292-8A069AE6D5E2}.Release|x64.Build.0 = Release|Any CPU
		{5C82A024-1E2F-4D10-A292-8A069AE6D5E2}.Release|x86.ActiveCfg = Release|Any CPU
		{5C82A024-1E2F-4D10-A292-8A069AE6D5E2}.Release|x86.Build.0 = Release|Any CPU
		{EAE2AB47-3B75-4D8E-8A07-81C24F9EC816}.Debug|Any CPU.ActiveCfg = Debug|Any CPU
		{EAE2AB47-3B75-4D8E-8A07-81C24F9EC816}.Debug|Any CPU.Build.0 = Debug|Any CPU
		{EAE2AB47-3B75-4D8E-8A07-81C24F9EC816}.Debug|x64.ActiveCfg = Debug|Any CPU
		{EAE2AB47-3B75-4D8E-8A07-81C24F9EC816}.Debug|x64.Build.0 = Debug|Any CPU
		{EAE2AB47-3B75-4D8E-8A07-81C24F9EC816}.Debug|x86.ActiveCfg = Debug|Any CPU
		{EAE2AB47-3B75-4D8E-8A07-81C24F9EC816}.Debug|x86.Build.0 = Debug|Any CPU
		{EAE2AB47-3B75-4D8E-8A07-81C24F9EC816}.Release|Any CPU.ActiveCfg = Release|Any CPU
		{EAE2AB47-3B75-4D8E-8A07-81C24F9EC816}.Release|Any CPU.Build.0 = Release|Any CPU
		{EAE2AB47-3B75-4D8E-8A07-81C24F9EC816}.Release|x64.ActiveCfg = Release|Any CPU
		{EAE2AB47-3B75-4D8E-8A07-81C24F9EC816}.Release|x64.Build.0 = Release|Any CPU
		{EAE2AB47-3B75-4D8E-8A07-81C24F9EC816}.Release|x86.ActiveCfg = Release|Any CPU
		{EAE2AB47-3B75-4D8E-8A07-81C24F9EC816}.Release|x86.Build.0 = Release|Any CPU
	EndGlobalSection
	GlobalSection(SolutionProperties) = preSolution
		HideSolutionNode = FALSE
	EndGlobalSection
	GlobalSection(NestedProjects) = preSolution
		{40C76B89-45EA-499D-A9A3-3C13487BC77F} = {827E0CD3-B72D-47B6-A68D-7590B98EB39B}
		{C46174CF-56F8-4A3F-BAAD-5F95E44CBCFF} = {827E0CD3-B72D-47B6-A68D-7590B98EB39B}
		{6827ACD3-5ECF-4187-A607-735421DB06FA} = {827E0CD3-B72D-47B6-A68D-7590B98EB39B}
		{216A8669-EB55-4AF2-B7A7-D3BCBFAD5FE0} = {827E0CD3-B72D-47B6-A68D-7590B98EB39B}
		{5C82A024-1E2F-4D10-A292-8A069AE6D5E2} = {827E0CD3-B72D-47B6-A68D-7590B98EB39B}
		{EAE2AB47-3B75-4D8E-8A07-81C24F9EC816} = {827E0CD3-B72D-47B6-A68D-7590B98EB39B}
	EndGlobalSection
EndGlobal
